
Microsoft Visual Studio Solution File, Format Version 12.00
# Visual Studio Version 17
VisualStudioVersion = 17.9.34616.47
MinimumVisualStudioVersion = 10.0.40219.1
Project("{8BC9CEB8-8B4A-11D0-8D11-00A0C91BC942}") = "ParadigmaOOP_0068", "ParadigmaOOP_0068\ParadigmaOOP_0068.vcxproj", "{1FC867B2-4FB4-484B-9A43-4C1DF7697102}"
EndProject
Project("{8BC9CEB8-8B4A-11D0-8D11-00A0C91BC942}") = "noOverriding_0068", "noOverriding_0068\noOverriding_0068.vcxproj", "{F5F5EDD0-535A-4392-BA8F-10BB56661F59}"
EndProject
Project("{8BC9CEB8-8B4A-11D0-8D11-00A0C91BC942}") = "noPewarisan", "noPewarisan\noPewarisan.vcxproj", "{0DF375D3-FE50-4C22-B27A-1F1F23BB9B86}"
EndProject
Project("{8BC9CEB8-8B4A-11D0-8D11-00A0C91BC942}") = "multiWaris", "multiWaris\multiWaris.vcxproj", "{09D7004F-A2C8-4B75-9AF5-9106C718AD9B}"
EndProject
Project("{8BC9CEB8-8B4A-11D0-8D11-00A0C91BC942}") = "solfeMultiwaris", "solfeMultiwaris\solfeMultiwaris.vcxproj", "{48F01997-C5AE-4F66-9165-703456838296}"
EndProject
Project("{8BC9CEB8-8B4A-11D0-8D11-00A0C91BC942}") = "encapsulasi", "encapsulasi\encapsulasi.vcxproj", "{92D68E9A-C6D7-48AA-80B4-B95DE33F43D7}"
EndProject
Project("{8BC9CEB8-8B4A-11D0-8D11-00A0C91BC942}") = "abstraksi", "abstraksi\abstraksi.vcxproj", "{02976887-A37F-4273-968E-D717BD427BC7}"
EndProject
Project("{8BC9CEB8-8B4A-11D0-8D11-00A0C91BC942}") = "Abstraksiheader", "Abstraksiheader\Abstraksiheader.vcxproj", "{4D39DCAF-9A3C-42C5-BF90-56FD461C427A}"
EndProject
Global
	GlobalSection(SolutionConfigurationPlatforms) = preSolution
		Debug|x64 = Debug|x64
		Debug|x86 = Debug|x86
		Release|x64 = Release|x64
		Release|x86 = Release|x86
	EndGlobalSection
	GlobalSection(ProjectConfigurationPlatforms) = postSolution
		{1FC867B2-4FB4-484B-9A43-4C1DF7697102}.Debug|x64.ActiveCfg = Debug|x64
		{1FC867B2-4FB4-484B-9A43-4C1DF7697102}.Debug|x64.Build.0 = Debug|x64
		{1FC867B2-4FB4-484B-9A43-4C1DF7697102}.Debug|x86.ActiveCfg = Debug|Win32
		{1FC867B2-4FB4-484B-9A43-4C1DF7697102}.Debug|x86.Build.0 = Debug|Win32
		{1FC867B2-4FB4-484B-9A43-4C1DF7697102}.Release|x64.ActiveCfg = Release|x64
		{1FC867B2-4FB4-484B-9A43-4C1DF7697102}.Release|x64.Build.0 = Release|x64
		{1FC867B2-4FB4-484B-9A43-4C1DF7697102}.Release|x86.ActiveCfg = Release|Win32
		{1FC867B2-4FB4-484B-9A43-4C1DF7697102}.Release|x86.Build.0 = Release|Win32
		{F5F5EDD0-535A-4392-BA8F-10BB56661F59}.Debug|x64.ActiveCfg = Debug|x64
		{F5F5EDD0-535A-4392-BA8F-10BB56661F59}.Debug|x64.Build.0 = Debug|x64
		{F5F5EDD0-535A-4392-BA8F-10BB56661F59}.Debug|x86.ActiveCfg = Debug|Win32
		{F5F5EDD0-535A-4392-BA8F-10BB56661F59}.Debug|x86.Build.0 = Debug|Win32
		{F5F5EDD0-535A-4392-BA8F-10BB56661F59}.Release|x64.ActiveCfg = Release|x64
		{F5F5EDD0-535A-4392-BA8F-10BB56661F59}.Release|x64.Build.0 = Release|x64
		{F5F5EDD0-535A-4392-BA8F-10BB56661F59}.Release|x86.ActiveCfg = Release|Win32
		{F5F5EDD0-535A-4392-BA8F-10BB56661F59}.Release|x86.Build.0 = Release|Win32
		{0DF375D3-FE50-4C22-B27A-1F1F23BB9B86}.Debug|x64.ActiveCfg = Debug|x64
		{0DF375D3-FE50-4C22-B27A-1F1F23BB9B86}.Debug|x64.Build.0 = Debug|x64
		{0DF375D3-FE50-4C22-B27A-1F1F23BB9B86}.Debug|x86.ActiveCfg = Debug|Win32
		{0DF375D3-FE50-4C22-B27A-1F1F23BB9B86}.Debug|x86.Build.0 = Debug|Win32
		{0DF375D3-FE50-4C22-B27A-1F1F23BB9B86}.Release|x64.ActiveCfg = Release|x64
		{0DF375D3-FE50-4C22-B27A-1F1F23BB9B86}.Release|x64.Build.0 = Release|x64
		{0DF375D3-FE50-4C22-B27A-1F1F23BB9B86}.Release|x86.ActiveCfg = Release|Win32
		{0DF375D3-FE50-4C22-B27A-1F1F23BB9B86}.Release|x86.Build.0 = Release|Win32
		{09D7004F-A2C8-4B75-9AF5-9106C718AD9B}.Debug|x64.ActiveCfg = Debug|x64
		{09D7004F-A2C8-4B75-9AF5-9106C718AD9B}.Debug|x64.Build.0 = Debug|x64
		{09D7004F-A2C8-4B75-9AF5-9106C718AD9B}.Debug|x86.ActiveCfg = Debug|Win32
		{09D7004F-A2C8-4B75-9AF5-9106C718AD9B}.Debug|x86.Build.0 = Debug|Win32
		{09D7004F-A2C8-4B75-9AF5-9106C718AD9B}.Release|x64.ActiveCfg = Release|x64
		{09D7004F-A2C8-4B75-9AF5-9106C718AD9B}.Release|x64.Build.0 = Release|x64
		{09D7004F-A2C8-4B75-9AF5-9106C718AD9B}.Release|x86.ActiveCfg = Release|Win32
		{09D7004F-A2C8-4B75-9AF5-9106C718AD9B}.Release|x86.Build.0 = Release|Win32
		{48F01997-C5AE-4F66-9165-703456838296}.Debug|x64.ActiveCfg = Debug|x64
		{48F01997-C5AE-4F66-9165-703456838296}.Debug|x64.Build.0 = Debug|x64
		{48F01997-C5AE-4F66-9165-703456838296}.Debug|x86.ActiveCfg = Debug|Win32
		{48F01997-C5AE-4F66-9165-703456838296}.Debug|x86.Build.0 = Debug|Win32
		{48F01997-C5AE-4F66-9165-703456838296}.Release|x64.ActiveCfg = Release|x64
		{48F01997-C5AE-4F66-9165-703456838296}.Release|x64.Build.0 = Release|x64
		{48F01997-C5AE-4F66-9165-703456838296}.Release|x86.ActiveCfg = Release|Win32
		{48F01997-C5AE-4F66-9165-703456838296}.Release|x86.Build.0 = Release|Win32
		{92D68E9A-C6D7-48AA-80B4-B95DE33F43D7}.Debug|x64.ActiveCfg = Debug|x64
		{92D68E9A-C6D7-48AA-80B4-B95DE33F43D7}.Debug|x64.Build.0 = Debug|x64
		{92D68E9A-C6D7-48AA-80B4-B95DE33F43D7}.Debug|x86.ActiveCfg = Debug|Win32
		{92D68E9A-C6D7-48AA-80B4-B95DE33F43D7}.Debug|x86.Build.0 = Debug|Win32
		{92D68E9A-C6D7-48AA-80B4-B95DE33F43D7}.Release|x64.ActiveCfg = Release|x64
		{92D68E9A-C6D7-48AA-80B4-B95DE33F43D7}.Release|x64.Build.0 = Release|x64
		{92D68E9A-C6D7-48AA-80B4-B95DE33F43D7}.Release|x86.ActiveCfg = Release|Win32
		{92D68E9A-C6D7-48AA-80B4-B95DE33F43D7}.Release|x86.Build.0 = Release|Win32
		{02976887-A37F-4273-968E-D717BD427BC7}.Debug|x64.ActiveCfg = Debug|x64
		{02976887-A37F-4273-968E-D717BD427BC7}.Debug|x64.Build.0 = Debug|x64
		{02976887-A37F-4273-968E-D717BD427BC7}.Debug|x86.ActiveCfg = Debug|Win32
		{02976887-A37F-4273-968E-D717BD427BC7}.Debug|x86.Build.0 = Debug|Win32
		{02976887-A37F-4273-968E-D717BD427BC7}.Release|x64.ActiveCfg = Release|x64
		{02976887-A37F-4273-968E-D717BD427BC7}.Release|x64.Build.0 = Release|x64
		{02976887-A37F-4273-968E-D717BD427BC7}.Release|x86.ActiveCfg = Release|Win32
		{02976887-A37F-4273-968E-D717BD427BC7}.Release|x86.Build.0 = Release|Win32
		{4D39DCAF-9A3C-42C5-BF90-56FD461C427A}.Debug|x64.ActiveCfg = Debug|x64
		{4D39DCAF-9A3C-42C5-BF90-56FD461C427A}.Debug|x64.Build.0 = Debug|x64
		{4D39DCAF-9A3C-42C5-BF90-56FD461C427A}.Debug|x86.ActiveCfg = Debug|Win32
		{4D39DCAF-9A3C-42C5-BF90-56FD461C427A}.Debug|x86.Build.0 = Debug|Win32
		{4D39DCAF-9A3C-42C5-BF90-56FD461C427A}.Release|x64.ActiveCfg = Release|x64
		{4D39DCAF-9A3C-42C5-BF90-56FD461C427A}.Release|x64.Build.0 = Release|x64
		{4D39DCAF-9A3C-42C5-BF90-56FD461C427A}.Release|x86.ActiveCfg = Release|Win32
		{4D39DCAF-9A3C-42C5-BF90-56FD461C427A}.Release|x86.Build.0 = Release|Win32
	EndGlobalSection
	GlobalSection(SolutionProperties) = preSolution
		HideSolutionNode = FALSE
	EndGlobalSection
	GlobalSection(ExtensibilityGlobals) = postSolution
		SolutionGuid = {C36F9314-460C-4DC4-9614-4464C6BFE21C}
	EndGlobalSection
EndGlobal
